
Microsoft Visual Studio Solution File, Format Version 12.00
# Visual Studio Version 16
VisualStudioVersion = 16.0.29911.98
MinimumVisualStudioVersion = 10.0.40219.1
Project("{FAE04EC0-301F-11D3-BF4B-00C04F79EFBC}") = "TaskI", "TaskI\TaskI.csproj", "{588C508F-7634-418C-AF39-C63E4FE7F3D6}"
EndProject
Global
	GlobalSection(SolutionConfigurationPlatforms) = preSolution
		Debug|Any CPU = Debug|Any CPU
		Release|Any CPU = Release|Any CPU
	EndGlobalSection
	GlobalSection(ProjectConfigurationPlatforms) = postSolution
		{588C508F-7634-418C-AF39-C63E4FE7F3D6}.Debug|Any CPU.ActiveCfg = Debug|Any CPU
		{588C508F-7634-418C-AF39-C63E4FE7F3D6}.Debug|Any CPU.Build.0 = Debug|Any CPU
		{588C508F-7634-418C-AF39-C63E4FE7F3D6}.Release|Any CPU.ActiveCfg = Release|Any CPU
		{588C508F-7634-418C-AF39-C63E4FE7F3D6}.Release|Any CPU.Build.0 = Release|Any CPU
	EndGlobalSection
	GlobalSection(SolutionProperties) = preSolution
		HideSolutionNode = FALSE
	EndGlobalSection
	GlobalSection(ExtensibilityGlobals) = postSolution
		SolutionGuid = {DF3F6C25-DBAB-4D94-AC81-7765C40636CD}
	EndGlobalSection
EndGlobal
