
Microsoft Visual Studio Solution File, Format Version 12.00
# Visual Studio Version 17
VisualStudioVersion = 17.0.31612.314
MinimumVisualStudioVersion = 10.0.40219.1
Project("{9A19103F-16F7-4668-BE54-9A1E7A4F7556}") = "WEB_953501_YURETSKI", "WEB_953501_YURETSKI\WEB_953501_YURETSKI.csproj", "{79BA880E-FC43-4EB9-A8C2-853BEF9DEBB4}"
EndProject
Global
	GlobalSection(SolutionConfigurationPlatforms) = preSolution
		Debug|Any CPU = Debug|Any CPU
		Release|Any CPU = Release|Any CPU
	EndGlobalSection
	GlobalSection(ProjectConfigurationPlatforms) = postSolution
		{79BA880E-FC43-4EB9-A8C2-853BEF9DEBB4}.Debug|Any CPU.ActiveCfg = Debug|Any CPU
		{79BA880E-FC43-4EB9-A8C2-853BEF9DEBB4}.Debug|Any CPU.Build.0 = Debug|Any CPU
		{79BA880E-FC43-4EB9-A8C2-853BEF9DEBB4}.Release|Any CPU.ActiveCfg = Release|Any CPU
		{79BA880E-FC43-4EB9-A8C2-853BEF9DEBB4}.Release|Any CPU.Build.0 = Release|Any CPU
	EndGlobalSection
	GlobalSection(SolutionProperties) = preSolution
		HideSolutionNode = FALSE
	EndGlobalSection
	GlobalSection(ExtensibilityGlobals) = postSolution
		SolutionGuid = {6042FBCA-A5CD-4A69-BBA4-298703896199}
	EndGlobalSection
EndGlobal
