
Microsoft Visual Studio Solution File, Format Version 12.00
# Visual Studio Version 16
VisualStudioVersion = 16.0.30615.102
MinimumVisualStudioVersion = 10.0.40219.1
Project("{FAE04EC0-301F-11D3-BF4B-00C04F79EFBC}") = "Converter", "Converter\Converter.csproj", "{0E7A5BA0-E544-4D09-9470-D2D94A089ABE}"
EndProject
Global
	GlobalSection(SolutionConfigurationPlatforms) = preSolution
		Debug|Any CPU = Debug|Any CPU
		Release|Any CPU = Release|Any CPU
	EndGlobalSection
	GlobalSection(ProjectConfigurationPlatforms) = postSolution
		{0E7A5BA0-E544-4D09-9470-D2D94A089ABE}.Debug|Any CPU.ActiveCfg = Debug|Any CPU
		{0E7A5BA0-E544-4D09-9470-D2D94A089ABE}.Debug|Any CPU.Build.0 = Debug|Any CPU
		{0E7A5BA0-E544-4D09-9470-D2D94A089ABE}.Release|Any CPU.ActiveCfg = Release|Any CPU
		{0E7A5BA0-E544-4D09-9470-D2D94A089ABE}.Release|Any CPU.Build.0 = Release|Any CPU
	EndGlobalSection
	GlobalSection(SolutionProperties) = preSolution
		HideSolutionNode = FALSE
	EndGlobalSection
	GlobalSection(ExtensibilityGlobals) = postSolution
		SolutionGuid = {D6F7A8B5-8B0E-41F8-8703-0EE4993F7FA5}
	EndGlobalSection
EndGlobal
