
Microsoft Visual Studio Solution File, Format Version 12.00
# Visual Studio Version 16
VisualStudioVersion = 16.0.29123.89
MinimumVisualStudioVersion = 10.0.40219.1
Project("{FAE04EC0-301F-11D3-BF4B-00C04F79EFBC}") = "Blackjack", "Blackjack\Blackjack.csproj", "{A363577C-2CED-4DEC-A4B7-F002E30F132F}"
EndProject
Global
	GlobalSection(SolutionConfigurationPlatforms) = preSolution
		Debug|Any CPU = Debug|Any CPU
		Release|Any CPU = Release|Any CPU
	EndGlobalSection
	GlobalSection(ProjectConfigurationPlatforms) = postSolution
		{A363577C-2CED-4DEC-A4B7-F002E30F132F}.Debug|Any CPU.ActiveCfg = Debug|Any CPU
		{A363577C-2CED-4DEC-A4B7-F002E30F132F}.Debug|Any CPU.Build.0 = Debug|Any CPU
		{A363577C-2CED-4DEC-A4B7-F002E30F132F}.Release|Any CPU.ActiveCfg = Release|Any CPU
		{A363577C-2CED-4DEC-A4B7-F002E30F132F}.Release|Any CPU.Build.0 = Release|Any CPU
	EndGlobalSection
	GlobalSection(SolutionProperties) = preSolution
		HideSolutionNode = FALSE
	EndGlobalSection
	GlobalSection(ExtensibilityGlobals) = postSolution
		SolutionGuid = {48E004D1-5160-43DB-BB5A-E1727ADED158}
	EndGlobalSection
EndGlobal
